{
    "name": "vjeko-al-objid",
    "version": "3.0.6",
    "lockfileVersion": 2,
    "requires": true,
    "packages": {
        "": {
            "name": "vjeko-al-objid",
            "version": "3.0.6",
            "license": "MIT",
            "dependencies": {
                "comment-json": "^4.1.1",
                "xml2js": "^0.5.0"
            },
            "devDependencies": {
                "@types/node": "^22.x",
                "@types/vscode": "^1.101.0",
                "@types/xml2js": "^0.4.14",
                "typescript": "^5.9.0"
            },
            "engines": {
                "vscode": "^1.101.0"
            }
        },
        "node_modules/@types/node": {
            "version": "22.19.1",
            "resolved": "https://registry.npmjs.org/@types/node/-/node-22.19.1.tgz",
            "integrity": "sha512-LCCV0HdSZZZb34qifBsyWlUmok6W7ouER+oQIGBScS8EsZsQbrtFTUrDX4hOl+CS6p7cnNC4td+qrSVGSCTUfQ==",
            "dev": true,
            "license": "MIT",
            "dependencies": {
                "undici-types": "~6.21.0"
            }
        },
        "node_modules/@types/vscode": {
            "version": "1.106.1",
            "resolved": "https://registry.npmjs.org/@types/vscode/-/vscode-1.106.1.tgz",
            "integrity": "sha512-R/HV8u2h8CAddSbX8cjpdd7B8/GnE4UjgjpuGuHcbp1xV6yh4OeqU4L1pKjlwujCrSFS0MOpwJAIs/NexMB1fQ==",
            "dev": true,
            "license": "MIT"
        },
        "node_modules/@types/xml2js": {
            "version": "0.4.14",
            "resolved": "https://registry.npmjs.org/@types/xml2js/-/xml2js-0.4.14.tgz",
            "integrity": "sha512-4YnrRemBShWRO2QjvUin8ESA41rH+9nQGLUGZV/1IDhi3SL9OhdpNC/MrulTWuptXKwhx/aDxE7toV0f/ypIXQ==",
            "dev": true,
            "license": "MIT",
            "dependencies": {
                "@types/node": "*"
            }
        },
        "node_modules/array-timsort": {
            "version": "1.0.3",
            "resolved": "https://registry.npmjs.org/array-timsort/-/array-timsort-1.0.3.tgz",
            "integrity": "sha512-/+3GRL7dDAGEfM6TseQk/U+mi18TU2Ms9I3UlLdUMhz2hbvGNTKdj9xniwXfUqgYhHxRx0+8UnKkvlNwVU+cWQ=="
        },
        "node_modules/comment-json": {
            "version": "4.1.1",
            "resolved": "https://registry.npmjs.org/comment-json/-/comment-json-4.1.1.tgz",
            "integrity": "sha512-v8gmtPvxhBlhdRBLwdHSjGy9BgA23t9H1FctdQKyUrErPjSrJcdDMqBq9B4Irtm7w3TNYLQJNH6ARKnpyag1sA==",
            "dependencies": {
                "array-timsort": "^1.0.3",
                "core-util-is": "^1.0.2",
                "esprima": "^4.0.1",
                "has-own-prop": "^2.0.0",
                "repeat-string": "^1.6.1"
            },
            "engines": {
                "node": ">= 6"
            }
        },
        "node_modules/core-util-is": {
            "version": "1.0.3",
            "resolved": "https://registry.npmjs.org/core-util-is/-/core-util-is-1.0.3.tgz",
            "integrity": "sha512-ZQBvi1DcpJ4GDqanjucZ2Hj3wEO5pZDS89BWbkcrvdxksJorwUDDZamX9ldFkp9aw2lmBDLgkObEA4DWNJ9FYQ=="
        },
        "node_modules/esprima": {
            "version": "4.0.1",
            "resolved": "https://registry.npmjs.org/esprima/-/esprima-4.0.1.tgz",
            "integrity": "sha512-eGuFFw7Upda+g4p+QHvnW0RyTX/SVeJBDM/gCtMARO0cLuT2HcEKnTPvhjV6aGeqrCB/sbNop0Kszm0jsaWU4A==",
            "bin": {
                "esparse": "bin/esparse.js",
                "esvalidate": "bin/esvalidate.js"
            },
            "engines": {
                "node": ">=4"
            }
        },
        "node_modules/has-own-prop": {
            "version": "2.0.0",
            "resolved": "https://registry.npmjs.org/has-own-prop/-/has-own-prop-2.0.0.tgz",
            "integrity": "sha512-Pq0h+hvsVm6dDEa8x82GnLSYHOzNDt7f0ddFa3FqcQlgzEiptPqL+XrOJNavjOzSYiYWIrgeVYYgGlLmnxwilQ==",
            "engines": {
                "node": ">=8"
            }
        },
        "node_modules/repeat-string": {
            "version": "1.6.1",
            "resolved": "https://registry.npmjs.org/repeat-string/-/repeat-string-1.6.1.tgz",
            "integrity": "sha1-jcrkcOHIirwtYA//Sndihtp15jc=",
            "engines": {
                "node": ">=0.10"
            }
        },
        "node_modules/sax": {
            "version": "1.2.4",
            "resolved": "https://registry.npmjs.org/sax/-/sax-1.2.4.tgz",
            "integrity": "sha512-NqVDv9TpANUjFm0N8uM5GxL36UgKi9/atZw+x7YFnQ8ckwFGKrl4xX4yWtrey3UJm5nP1kUbnYgLopqWNSRhWw=="
        },
        "node_modules/typescript": {
            "version": "5.9.3",
            "resolved": "https://registry.npmjs.org/typescript/-/typescript-5.9.3.tgz",
            "integrity": "sha512-jl1vZzPDinLr9eUt3J/t7V6FgNEw9QjvBPdysz9KfQDD41fQrC2Y4vKQdiaUpFT4bXlb1RHhLpp8wtm6M5TgSw==",
            "dev": true,
            "license": "Apache-2.0",
            "bin": {
                "tsc": "bin/tsc",
                "tsserver": "bin/tsserver"
            },
            "engines": {
                "node": ">=14.17"
            }
        },
        "node_modules/undici-types": {
            "version": "6.21.0",
            "resolved": "https://registry.npmjs.org/undici-types/-/undici-types-6.21.0.tgz",
            "integrity": "sha512-iwDZqg0QAGrg9Rav5H4n0M64c3mkR59cJ6wQp+7C4nI0gsmExaedaYLNO44eT4AtBBwjbTiGPMlt2Md0T9H9JQ==",
            "dev": true,
            "license": "MIT"
        },
        "node_modules/xml2js": {
            "version": "0.5.0",
            "resolved": "https://registry.npmjs.org/xml2js/-/xml2js-0.5.0.tgz",
            "integrity": "sha512-drPFnkQJik/O+uPKpqSgr22mpuFHqKdbS835iAQrUC73L2F5WkboIRd63ai/2Yg6I1jzifPFKH2NTK+cfglkIA==",
            "dependencies": {
                "sax": ">=0.6.0",
                "xmlbuilder": "~11.0.0"
            },
            "engines": {
                "node": ">=4.0.0"
            }
        },
        "node_modules/xmlbuilder": {
            "version": "11.0.1",
            "resolved": "https://registry.npmjs.org/xmlbuilder/-/xmlbuilder-11.0.1.tgz",
            "integrity": "sha512-fDlsI/kFEx7gLvbecc0/ohLG50fugQp8ryHzMTuW9vSa1GJ0XYWKnhsUx7oie3G98+r56aTQIUB4kht42R3JvA==",
            "engines": {
                "node": ">=4.0"
            }
        }
    },
    "dependencies": {
        "@types/node": {
            "version": "22.19.1",
            "resolved": "https://registry.npmjs.org/@types/node/-/node-22.19.1.tgz",
            "integrity": "sha512-LCCV0HdSZZZb34qifBsyWlUmok6W7ouER+oQIGBScS8EsZsQbrtFTUrDX4hOl+CS6p7cnNC4td+qrSVGSCTUfQ==",
            "dev": true,
            "requires": {
                "undici-types": "~6.21.0"
            }
        },
        "@types/vscode": {
            "version": "1.106.1",
            "resolved": "https://registry.npmjs.org/@types/vscode/-/vscode-1.106.1.tgz",
            "integrity": "sha512-R/HV8u2h8CAddSbX8cjpdd7B8/GnE4UjgjpuGuHcbp1xV6yh4OeqU4L1pKjlwujCrSFS0MOpwJAIs/NexMB1fQ==",
            "dev": true
        },
        "@types/xml2js": {
            "version": "0.4.14",
            "resolved": "https://registry.npmjs.org/@types/xml2js/-/xml2js-0.4.14.tgz",
            "integrity": "sha512-4YnrRemBShWRO2QjvUin8ESA41rH+9nQGLUGZV/1IDhi3SL9OhdpNC/MrulTWuptXKwhx/aDxE7toV0f/ypIXQ==",
            "dev": true,
            "requires": {
                "@types/node": "*"
            }
        },
        "array-timsort": {
            "version": "1.0.3",
            "resolved": "https://registry.npmjs.org/array-timsort/-/array-timsort-1.0.3.tgz",
            "integrity": "sha512-/+3GRL7dDAGEfM6TseQk/U+mi18TU2Ms9I3UlLdUMhz2hbvGNTKdj9xniwXfUqgYhHxRx0+8UnKkvlNwVU+cWQ=="
        },
        "comment-json": {
            "version": "4.1.1",
            "resolved": "https://registry.npmjs.org/comment-json/-/comment-json-4.1.1.tgz",
            "integrity": "sha512-v8gmtPvxhBlhdRBLwdHSjGy9BgA23t9H1FctdQKyUrErPjSrJcdDMqBq9B4Irtm7w3TNYLQJNH6ARKnpyag1sA==",
            "requires": {
                "array-timsort": "^1.0.3",
                "core-util-is": "^1.0.2",
                "esprima": "^4.0.1",
                "has-own-prop": "^2.0.0",
                "repeat-string": "^1.6.1"
            }
        },
        "core-util-is": {
            "version": "1.0.3",
            "resolved": "https://registry.npmjs.org/core-util-is/-/core-util-is-1.0.3.tgz",
            "integrity": "sha512-ZQBvi1DcpJ4GDqanjucZ2Hj3wEO5pZDS89BWbkcrvdxksJorwUDDZamX9ldFkp9aw2lmBDLgkObEA4DWNJ9FYQ=="
        },
        "esprima": {
            "version": "4.0.1",
            "resolved": "https://registry.npmjs.org/esprima/-/esprima-4.0.1.tgz",
            "integrity": "sha512-eGuFFw7Upda+g4p+QHvnW0RyTX/SVeJBDM/gCtMARO0cLuT2HcEKnTPvhjV6aGeqrCB/sbNop0Kszm0jsaWU4A=="
        },
        "has-own-prop": {
            "version": "2.0.0",
            "resolved": "https://registry.npmjs.org/has-own-prop/-/has-own-prop-2.0.0.tgz",
            "integrity": "sha512-Pq0h+hvsVm6dDEa8x82GnLSYHOzNDt7f0ddFa3FqcQlgzEiptPqL+XrOJNavjOzSYiYWIrgeVYYgGlLmnxwilQ=="
        },
        "repeat-string": {
            "version": "1.6.1",
            "resolved": "https://registry.npmjs.org/repeat-string/-/repeat-string-1.6.1.tgz",
            "integrity": "sha1-jcrkcOHIirwtYA//Sndihtp15jc="
        },
        "sax": {
            "version": "1.2.4",
            "resolved": "https://registry.npmjs.org/sax/-/sax-1.2.4.tgz",
            "integrity": "sha512-NqVDv9TpANUjFm0N8uM5GxL36UgKi9/atZw+x7YFnQ8ckwFGKrl4xX4yWtrey3UJm5nP1kUbnYgLopqWNSRhWw=="
        },
        "typescript": {
            "version": "5.9.3",
            "resolved": "https://registry.npmjs.org/typescript/-/typescript-5.9.3.tgz",
            "integrity": "sha512-jl1vZzPDinLr9eUt3J/t7V6FgNEw9QjvBPdysz9KfQDD41fQrC2Y4vKQdiaUpFT4bXlb1RHhLpp8wtm6M5TgSw==",
            "dev": true
        },
        "undici-types": {
            "version": "6.21.0",
            "resolved": "https://registry.npmjs.org/undici-types/-/undici-types-6.21.0.tgz",
            "integrity": "sha512-iwDZqg0QAGrg9Rav5H4n0M64c3mkR59cJ6wQp+7C4nI0gsmExaedaYLNO44eT4AtBBwjbTiGPMlt2Md0T9H9JQ==",
            "dev": true
        },
        "xml2js": {
            "version": "0.5.0",
            "resolved": "https://registry.npmjs.org/xml2js/-/xml2js-0.5.0.tgz",
            "integrity": "sha512-drPFnkQJik/O+uPKpqSgr22mpuFHqKdbS835iAQrUC73L2F5WkboIRd63ai/2Yg6I1jzifPFKH2NTK+cfglkIA==",
            "requires": {
                "sax": ">=0.6.0",
                "xmlbuilder": "~11.0.0"
            }
        },
        "xmlbuilder": {
            "version": "11.0.1",
            "resolved": "https://registry.npmjs.org/xmlbuilder/-/xmlbuilder-11.0.1.tgz",
            "integrity": "sha512-fDlsI/kFEx7gLvbecc0/ohLG50fugQp8ryHzMTuW9vSa1GJ0XYWKnhsUx7oie3G98+r56aTQIUB4kht42R3JvA=="
        }
    }
}
